// !$*UTF8*$!
{
	archiveVersion = 1;
	classes = {
	};
	objectVersion = 46;
	objects = {

/* Begin PBXBuildFile section */
		AB17A6671BF6F1CE0003E75A /* main.m in Sources */ = {isa = PBXBuildFile; fileRef = AB17A6661BF6F1CE0003E75A /* main.m */; };
		AB17A66F1BF6F1E00003E75A /* Car.m in Sources */ = {isa = PBXBuildFile; fileRef = AB17A66E1BF6F1E00003E75A /* Car.m */; };
		AB17A6721BF70CEB0003E75A /* Toyota.m in Sources */ = {isa = PBXBuildFile; fileRef = AB17A6711BF70CEB0003E75A /* Toyota.m */; };
/* End PBXBuildFile section */

/* Begin PBXCopyFilesBuildPhase section */
		AB17A6611BF6F1CE0003E75A /* CopyFiles */ = {
			isa = PBXCopyFilesBuildPhase;
			buildActionMask = 2147483647;
			dstPath = /usr/share/man/man1/;
			dstSubfolderSpec = 0;
			files = (
			);
			runOnlyForDeploymentPostprocessing = 1;
		};
/* End PBXCopyFilesBuildPhase section */

/* Begin PBXFileReference section */
		AB17A6631BF6F1CE0003E75A /* ToyotaRyPress */ = {isa = PBXFileReference; explicitFileType = "compiled.mach-o.executable"; includeInIndex = 0; path = ToyotaRyPress; sourceTree = BUILT_PRODUCTS_DIR; };
		AB17A6661BF6F1CE0003E75A /* main.m */ = {isa = PBXFileReference; lastKnownFileType = sourcecode.c.objc; path = main.m; sourceTree = "<group>"; };
		AB17A66D1BF6F1E00003E75A /* Car.h */ = {isa = PBXFileReference; fileEncoding = 4; lastKnownFileType = sourcecode.c.h; path = Car.h; sourceTree = "<group>"; };
		AB17A66E1BF6F1E00003E75A /* Car.m */ = {isa = PBXFileReference; fileEncoding = 4; lastKnownFileType = sourcecode.c.objc; path = Car.m; sourceTree = "<group>"; };
		AB17A6701BF70CEB0003E75A /* Toyota.h */ = {isa = PBXFileReference; fileEncoding = 4; lastKnownFileType = sourcecode.c.h; path = Toyota.h; sourceTree = "<group>"; };
		AB17A6711BF70CEB0003E75A /* Toyota.m */ = {isa = PBXFileReference; fileEncoding = 4; lastKnownFileType = sourcecode.c.objc; path = Toyota.m; sourceTree = "<group>"; };
/* End PBXFileReference section */

/* Begin PBXFrameworksBuildPhase section */
		AB17A6601BF6F1CE0003E75A /* Frameworks */ = {
			isa = PBXFrameworksBuildPhase;
			buildActionMask = 2147483647;
			files = (
			);
			runOnlyForDeploymentPostprocessing = 0;
		};
/* End PBXFrameworksBuildPhase section */

/* Begin PBXGroup section */
		AB17A65A1BF6F1CE0003E75A = {
			isa = PBXGroup;
			children = (
				AB17A6651BF6F1CE0003E75A /* ToyotaRyPress */,
				AB17A6641BF6F1CE0003E75A /* Products */,
			);
			sourceTree = "<group>";
		};
		AB17A6641BF6F1CE0003E75A /* Products */ = {
			isa = PBXGroup;
			children = (
				AB17A6631BF6F1CE0003E75A /* ToyotaRyPress */,
			);
			name = Products;
			sourceTree = "<group>";
		};
		AB17A6651BF6F1CE0003E75A /* ToyotaRyPress */ = {
			isa = PBXGroup;
			children = (
				AB17A6661BF6F1CE0003E75A /* main.m */,
				AB17A66D1BF6F1E00003E75A /* Car.h */,
				AB17A66E1BF6F1E00003E75A /* Car.m */,
				AB17A6701BF70CEB0003E75A /* Toyota.h */,
				AB17A6711BF70CEB0003E75A /* Toyota.m */,
			);
			path = ToyotaRyPress;
			sourceTree = "<group>";
		};
/* End PBXGroup section */

/* Begin PBXNativeTarget section */
		AB17A6621BF6F1CE0003E75A /* ToyotaRyPress */ = {
			isa = PBXNativeTarget;
			buildConfigurationList = AB17A66A1BF6F1CE0003E75A /* Build configuration list for PBXNativeTarget "ToyotaRyPress" */;
			buildPhases = (
				AB17A65F1BF6F1CE0003E75A /* Sources */,
				AB17A6601BF6F1CE0003E75A /* Frameworks */,
				AB17A6611BF6F1CE0003E75A /* CopyFiles */,
			);
			buildRules = (
			);
			dependencies = (
			);
			name = ToyotaRyPress;
			productName = ToyotaRyPress;
			productReference = AB17A6631BF6F1CE0003E75A /* ToyotaRyPress */;
			productType = "com.apple.product-type.tool";
		};
/* End PBXNativeTarget section */

/* Begin PBXProject section */
		AB17A65B1BF6F1CE0003E75A /* Project object */ = {
			isa = PBXProject;
			attributes = {
				LastUpgradeCheck = 0710;
				ORGANIZATIONNAME = Kerrto;
				TargetAttributes = {
					AB17A6621BF6F1CE0003E75A = {
						CreatedOnToolsVersion = 7.1;
					};
				};
			};
			buildConfigurationList = AB17A65E1BF6F1CE0003E75A /* Build configuration list for PBXProject "ToyotaRyPress" */;
			compatibilityVersion = "Xcode 3.2";
			developmentRegion = English;
			hasScannedForEncodings = 0;
			knownRegions = (
				en,
			);
			mainGroup = AB17A65A1BF6F1CE0003E75A;
			productRefGroup = AB17A6641BF6F1CE0003E75A /* Products */;
			projectDirPath = "";
			projectRoot = "";
			targets = (
				AB17A6621BF6F1CE0003E75A /* ToyotaRyPress */,
			);
		};
/* End PBXProject section */

/* Begin PBXSourcesBuildPhase section */
		AB17A65F1BF6F1CE0003E75A /* Sources */ = {
			isa = PBXSourcesBuildPhase;
			buildActionMask = 2147483647;
			files = (
				AB17A6721BF70CEB0003E75A /* Toyota.m in Sources */,
				AB17A66F1BF6F1E00003E75A /* Car.m in Sources */,
				AB17A6671BF6F1CE0003E75A /* main.m in Sources */,
			);
			runOnlyForDeploymentPostprocessing = 0;
		};
/* End PBXSourcesBuildPhase section */

/* Begin XCBuildConfiguration section */
		AB17A6681BF6F1CE0003E75A /* Debug */ = {
			isa = XCBuildConfiguration;
			buildSettings = {
				ALWAYS_SEARCH_USER_PATHS = NO;
				CLANG_CXX_LANGUAGE_STANDARD = "gnu++0x";
				CLANG_CXX_LIBRARY = "libc++";
				CLANG_ENABLE_MODULES = YES;
				CLANG_ENABLE_OBJC_ARC = YES;
				CLANG_WARN_BOOL_CONVERSION = YES;
				CLANG_WARN_CONSTANT_CONVERSION = YES;
				CLANG_WARN_DIRECT_OBJC_ISA_USAGE = YES_ERROR;
				CLANG_WARN_EMPTY_BODY = YES;
				CLANG_WARN_ENUM_CONVERSION = YES;
				CLANG_WARN_INT_CONVERSION = YES;
				CLANG_WARN_OBJC_ROOT_CLASS = YES_ERROR;
				CLANG_WARN_UNREACHABLE_CODE = YES;
				CLANG_WARN__DUPLICATE_METHOD_MATCH = YES;
				CODE_SIGN_IDENTITY = "-";
				COPY_PHASE_STRIP = NO;
				DEBUG_INFORMATION_FORMAT = dwarf;
				ENABLE_STRICT_OBJC_MSGSEND = YES;
				ENABLE_TESTABILITY = YES;
				GCC_C_LANGUAGE_STANDARD = gnu99;
				GCC_DYNAMIC_NO_PIC = NO;
				GCC_NO_COMMON_BLOCKS = YES;
				GCC_OPTIMIZATION_LEVEL = 0;
				GCC_PREPROCESSOR_DEFINITIONS = (
					"DEBUG=1",
					"$(inherited)",
				);
				GCC_WARN_64_TO_32_BIT_CONVERSION = YES;
				GCC_WARN_ABOUT_RETURN_TYPE = YES_ERROR;
				GCC_WARN_UNDECLARED_SELECTOR = YES;
				GCC_WARN_UNINITIALIZED_AUTOS = YES_AGGRESSIVE;
				GCC_WARN_UNUSED_FUNCTION = YES;
				GCC_WARN_UNUSED_VARIABLE = YES;
				MACOSX_DEPLOYMENT_TARGET = 10.11;
				MTL_ENABLE_DEBUG_INFO = YES;
				ONLY_ACTIVE_ARCH = YES;
				SDKROOT = macosx;
			};
			name = Debug;
		};
		AB17A6691BF6F1CE0003E75A /* Release */ = {
			isa = XCBuildConfiguration;
			buildSettings = {
				ALWAYS_SEARCH_USER_PATHS = NO;
				CLANG_CXX_LANGUAGE_STANDARD = "gnu++0x";
				CLANG_CXX_LIBRARY = "libc++";
				CLANG_ENABLE_MODULES = YES;
				CLANG_ENABLE_OBJC_ARC = YES;
				CLANG_WARN_BOOL_CONVERSION = YES;
				CLANG_WARN_CONSTANT_CONVERSION = YES;
				CLANG_WARN_DIRECT_OBJC_ISA_USAGE = YES_ERROR;
				CLANG_WARN_EMPTY_BODY = YES;
				CLANG_WARN_ENUM_CONVERSION = YES;
				CLANG_WARN_INT_CONVERSION = YES;
				CLANG_WARN_OBJC_ROOT_CLASS = YES_ERROR;
				CLANG_WARN_UNREACHABLE_CODE = YES;
				CLANG_WARN__DUPLICATE_METHOD_MATCH = YES;
				CODE_SIGN_IDENTITY = "-";
				COPY_PHASE_STRIP = NO;
				DEBUG_INFORMATION_FORMAT = "dwarf-with-dsym";
				ENABLE_NS_ASSERTIONS = NO;
				ENABLE_STRICT_OBJC_MSGSEND = YES;
				GCC_C_LANGUAGE_STANDARD = gnu99;
				GCC_NO_COMMON_BLOCKS = YES;
				GCC_WARN_64_TO_32_BIT_CONVERSION = YES;
				GCC_WARN_ABOUT_RETURN_TYPE = YES_ERROR;
				GCC_WARN_UNDECLARED_SELECTOR = YES;
				GCC_WARN_UNINITIALIZED_AUTOS = YES_AGGRESSIVE;
				GCC_WARN_UNUSED_FUNCTION = YES;
				GCC_WARN_UNUSED_VARIABLE = YES;
				MACOSX_DEPLOYMENT_TARGET = 10.11;
				MTL_ENABLE_DEBUG_INFO = NO;
				SDKROOT = macosx;
			};
			name = Release;
		};
		AB17A66B1BF6F1CE0003E75A /* Debug */ = {
			isa = XCBuildConfiguration;
			buildSettings = {
				PRODUCT_NAME = "$(TARGET_NAME)";
			};
			name = Debug;
		};
		AB17A66C1BF6F1CE0003E75A /* Release */ = {
			isa = XCBuildConfiguration;
			buildSettings = {
				PRODUCT_NAME = "$(TARGET_NAME)";
			};
			name = Release;
		};
/* End XCBuildConfiguration section */

/* Begin XCConfigurationList section */
		AB17A65E1BF6F1CE0003E75A /* Build configuration list for PBXProject "ToyotaRyPress" */ = {
			isa = XCConfigurationList;
			buildConfigurations = (
				AB17A6681BF6F1CE0003E75A /* Debug */,
				AB17A6691BF6F1CE0003E75A /* Release */,
			);
			defaultConfigurationIsVisible = 0;
			defaultConfigurationName = Release;
		};
		AB17A66A1BF6F1CE0003E75A /* Build configuration list for PBXNativeTarget "ToyotaRyPress" */ = {
			isa = XCConfigurationList;
			buildConfigurations = (
				AB17A66B1BF6F1CE0003E75A /* Debug */,
				AB17A66C1BF6F1CE0003E75A /* Release */,
			);
			defaultConfigurationIsVisible = 0;
		};
/* End XCConfigurationList section */
	};
	rootObject = AB17A65B1BF6F1CE0003E75A /* Project object */;
}
